// !$*UTF8*$!
{
	archiveVersion = 1;
	classes = {
	};
	objectVersion = 56;
	objects = {

/* Begin PBXBuildFile section */
		0D5C536B2B0A6BA9001D32C5 /* JsonService.swift in Sources */ = {isa = PBXBuildFile; fileRef = 0D5C536A2B0A6BA9001D32C5 /* JsonService.swift */; };
		0D5C536E2B0A6D69001D32C5 /* PizzaModel.swift in Sources */ = {isa = PBXBuildFile; fileRef = 0D5C536D2B0A6D69001D32C5 /* PizzaModel.swift */; };
		0D5C53712B0A720A001D32C5 /* ContentViewModel.swift in Sources */ = {isa = PBXBuildFile; fileRef = 0D5C53702B0A720A001D32C5 /* ContentViewModel.swift */; };
		0DE602D62B08029C003ED582 /* PizTaurantIOSApp.swift in Sources */ = {isa = PBXBuildFile; fileRef = 0DE602D52B08029C003ED582 /* PizTaurantIOSApp.swift */; };
		0DE602D82B08029C003ED582 /* ContentView.swift in Sources */ = {isa = PBXBuildFile; fileRef = 0DE602D72B08029C003ED582 /* ContentView.swift */; };
		0DE602DA2B08029E003ED582 /* Assets.xcassets in Resources */ = {isa = PBXBuildFile; fileRef = 0DE602D92B08029E003ED582 /* Assets.xcassets */; };
		0DE602DD2B08029E003ED582 /* Preview Assets.xcassets in Resources */ = {isa = PBXBuildFile; fileRef = 0DE602DC2B08029E003ED582 /* Preview Assets.xcassets */; };
		0DE602E52B0803BB003ED582 /* PizzaData.json in Resources */ = {isa = PBXBuildFile; fileRef = 0DE602E42B0803BB003ED582 /* PizzaData.json */; };
/* End PBXBuildFile section */

/* Begin PBXFileReference section */
		0D5C536A2B0A6BA9001D32C5 /* JsonService.swift */ = {isa = PBXFileReference; lastKnownFileType = sourcecode.swift; path = JsonService.swift; sourceTree = "<group>"; };
		0D5C536D2B0A6D69001D32C5 /* PizzaModel.swift */ = {isa = PBXFileReference; lastKnownFileType = sourcecode.swift; path = PizzaModel.swift; sourceTree = "<group>"; };
		0D5C53702B0A720A001D32C5 /* ContentViewModel.swift */ = {isa = PBXFileReference; lastKnownFileType = sourcecode.swift; path = ContentViewModel.swift; sourceTree = "<group>"; };
		0DE602D22B08029C003ED582 /* PizTaurantIOS.app */ = {isa = PBXFileReference; explicitFileType = wrapper.application; includeInIndex = 0; path = PizTaurantIOS.app; sourceTree = BUILT_PRODUCTS_DIR; };
		0DE602D52B08029C003ED582 /* PizTaurantIOSApp.swift */ = {isa = PBXFileReference; lastKnownFileType = sourcecode.swift; path = PizTaurantIOSApp.swift; sourceTree = "<group>"; };
		0DE602D72B08029C003ED582 /* ContentView.swift */ = {isa = PBXFileReference; lastKnownFileType = sourcecode.swift; path = ContentView.swift; sourceTree = "<group>"; };
		0DE602D92B08029E003ED582 /* Assets.xcassets */ = {isa = PBXFileReference; lastKnownFileType = folder.assetcatalog; path = Assets.xcassets; sourceTree = "<group>"; };
		0DE602DC2B08029E003ED582 /* Preview Assets.xcassets */ = {isa = PBXFileReference; lastKnownFileType = folder.assetcatalog; path = "Preview Assets.xcassets"; sourceTree = "<group>"; };
		0DE602E42B0803BB003ED582 /* PizzaData.json */ = {isa = PBXFileReference; lastKnownFileType = text.json; path = PizzaData.json; sourceTree = "<group>"; };
/* End PBXFileReference section */

/* Begin PBXFrameworksBuildPhase section */
		0DE602CF2B08029C003ED582 /* Frameworks */ = {
			isa = PBXFrameworksBuildPhase;
			buildActionMask = 2147483647;
			files = (
			);
			runOnlyForDeploymentPostprocessing = 0;
		};
/* End PBXFrameworksBuildPhase section */

/* Begin PBXGroup section */
		0D5C536C2B0A6D50001D32C5 /* PizzaModel */ = {
			isa = PBXGroup;
			children = (
				0D5C536D2B0A6D69001D32C5 /* PizzaModel.swift */,
			);
			path = PizzaModel;
			sourceTree = "<group>";
		};
		0D5C536F2B0A71F5001D32C5 /* ViewModel */ = {
			isa = PBXGroup;
			children = (
				0D5C53702B0A720A001D32C5 /* ContentViewModel.swift */,
			);
			path = ViewModel;
			sourceTree = "<group>";
		};
		0DE602C92B08029C003ED582 = {
			isa = PBXGroup;
			children = (
				0DE602D42B08029C003ED582 /* PizTaurantIOS */,
				0DE602D32B08029C003ED582 /* Products */,
			);
			sourceTree = "<group>";
		};
		0DE602D32B08029C003ED582 /* Products */ = {
			isa = PBXGroup;
			children = (
				0DE602D22B08029C003ED582 /* PizTaurantIOS.app */,
			);
			name = Products;
			sourceTree = "<group>";
		};
		0DE602D42B08029C003ED582 /* PizTaurantIOS */ = {
			isa = PBXGroup;
			children = (
				0D5C536F2B0A71F5001D32C5 /* ViewModel */,
				0DE602E82B08074F003ED582 /* Model */,
				0DE602E72B080748003ED582 /* Service */,
				0DE602E62B0803CF003ED582 /* View */,
				0DE602E32B080387003ED582 /* Resources */,
				0DE602D92B08029E003ED582 /* Assets.xcassets */,
				0DE602DB2B08029E003ED582 /* Preview Content */,
			);
			path = PizTaurantIOS;
			sourceTree = "<group>";
		};
		0DE602DB2B08029E003ED582 /* Preview Content */ = {
			isa = PBXGroup;
			children = (
				0DE602DC2B08029E003ED582 /* Preview Assets.xcassets */,
			);
			path = "Preview Content";
			sourceTree = "<group>";
		};
		0DE602E32B080387003ED582 /* Resources */ = {
			isa = PBXGroup;
			children = (
				0DE602E42B0803BB003ED582 /* PizzaData.json */,
			);
			path = Resources;
			sourceTree = "<group>";
		};
		0DE602E62B0803CF003ED582 /* View */ = {
			isa = PBXGroup;
			children = (
				0DE602D52B08029C003ED582 /* PizTaurantIOSApp.swift */,
				0DE602D72B08029C003ED582 /* ContentView.swift */,
			);
			path = View;
			sourceTree = "<group>";
		};
		0DE602E72B080748003ED582 /* Service */ = {
			isa = PBXGroup;
			children = (
				0D5C536A2B0A6BA9001D32C5 /* JsonService.swift */,
			);
			path = Service;
			sourceTree = "<group>";
		};
		0DE602E82B08074F003ED582 /* Model */ = {
			isa = PBXGroup;
			children = (
				0D5C536C2B0A6D50001D32C5 /* PizzaModel */,
			);
			path = Model;
			sourceTree = "<group>";
		};
/* End PBXGroup section */

/* Begin PBXNativeTarget section */
		0DE602D12B08029C003ED582 /* PizTaurantIOS */ = {
			isa = PBXNativeTarget;
			buildConfigurationList = 0DE602E02B08029E003ED582 /* Build configuration list for PBXNativeTarget "PizTaurantIOS" */;
			buildPhases = (
				0DE602CE2B08029C003ED582 /* Sources */,
				0DE602CF2B08029C003ED582 /* Frameworks */,
				0DE602D02B08029C003ED582 /* Resources */,
			);
			buildRules = (
			);
			dependencies = (
			);
			name = PizTaurantIOS;
			productName = PizTaurantIOS;
			productReference = 0DE602D22B08029C003ED582 /* PizTaurantIOS.app */;
			productType = "com.apple.product-type.application";
		};
/* End PBXNativeTarget section */

/* Begin PBXProject section */
		0DE602CA2B08029C003ED582 /* Project object */ = {
			isa = PBXProject;
			attributes = {
				BuildIndependentTargetsInParallel = 1;
				LastSwiftUpdateCheck = 1500;
				LastUpgradeCheck = 1500;
				TargetAttributes = {
					0DE602D12B08029C003ED582 = {
						CreatedOnToolsVersion = 15.0.1;
					};
				};
			};
			buildConfigurationList = 0DE602CD2B08029C003ED582 /* Build configuration list for PBXProject "PizTaurantIOS" */;
			compatibilityVersion = "Xcode 14.0";
			developmentRegion = en;
			hasScannedForEncodings = 0;
			knownRegions = (
				en,
				Base,
			);
			mainGroup = 0DE602C92B08029C003ED582;
			productRefGroup = 0DE602D32B08029C003ED582 /* Products */;
			projectDirPath = "";
			projectRoot = "";
			targets = (
				0DE602D12B08029C003ED582 /* PizTaurantIOS */,
			);
		};
/* End PBXProject section */

/* Begin PBXResourcesBuildPhase section */
		0DE602D02B08029C003ED582 /* Resources */ = {
			isa = PBXResourcesBuildPhase;
			buildActionMask = 2147483647;
			files = (
				0DE602DD2B08029E003ED582 /* Preview Assets.xcassets in Resources */,
				0DE602DA2B08029E003ED582 /* Assets.xcassets in Resources */,
				0DE602E52B0803BB003ED582 /* PizzaData.json in Resources */,
			);
			runOnlyForDeploymentPostprocessing = 0;
		};
/* End PBXResourcesBuildPhase section */

/* Begin PBXSourcesBuildPhase section */
		0DE602CE2B08029C003ED582 /* Sources */ = {
			isa = PBXSourcesBuildPhase;
			buildActionMask = 2147483647;
			files = (
				0DE602D82B08029C003ED582 /* ContentView.swift in Sources */,
				0DE602D62B08029C003ED582 /* PizTaurantIOSApp.swift in Sources */,
				0D5C536E2B0A6D69001D32C5 /* PizzaModel.swift in Sources */,
				0D5C536B2B0A6BA9001D32C5 /* JsonService.swift in Sources */,
				0D5C53712B0A720A001D32C5 /* ContentViewModel.swift in Sources */,
			);
			runOnlyForDeploymentPostprocessing = 0;
		};
/* End PBXSourcesBuildPhase section */

/* Begin XCBuildConfiguration section */
		0DE602DE2B08029E003ED582 /* Debug */ = {
			isa = XCBuildConfiguration;
			buildSettings = {
				ALWAYS_SEARCH_USER_PATHS = NO;
				ASSETCATALOG_COMPILER_GENERATE_SWIFT_ASSET_SYMBOL_EXTENSIONS = YES;
				CLANG_ANALYZER_NONNULL = YES;
				CLANG_ANALYZER_NUMBER_OBJECT_CONVERSION = YES_AGGRESSIVE;
				CLANG_CXX_LANGUAGE_STANDARD = "gnu++20";
				CLANG_ENABLE_MODULES = YES;
				CLANG_ENABLE_OBJC_ARC = YES;
				CLANG_ENABLE_OBJC_WEAK = YES;
				CLANG_WARN_BLOCK_CAPTURE_AUTORELEASING = YES;
				CLANG_WARN_BOOL_CONVERSION = YES;
				CLANG_WARN_COMMA = YES;
				CLANG_WARN_CONSTANT_CONVERSION = YES;
				CLANG_WARN_DEPRECATED_OBJC_IMPLEMENTATIONS = YES;
				CLANG_WARN_DIRECT_OBJC_ISA_USAGE = YES_ERROR;
				CLANG_WARN_DOCUMENTATION_COMMENTS = YES;
				CLANG_WARN_EMPTY_BODY = YES;
				CLANG_WARN_ENUM_CONVERSION = YES;
				CLANG_WARN_INFINITE_RECURSION = YES;
				CLANG_WARN_INT_CONVERSION = YES;
				CLANG_WARN_NON_LITERAL_NULL_CONVERSION = YES;
				CLANG_WARN_OBJC_IMPLICIT_RETAIN_SELF = YES;
				CLANG_WARN_OBJC_LITERAL_CONVERSION = YES;
				CLANG_WARN_OBJC_ROOT_CLASS = YES_ERROR;
				CLANG_WARN_QUOTED_INCLUDE_IN_FRAMEWORK_HEADER = YES;
				CLANG_WARN_RANGE_LOOP_ANALYSIS = YES;
				CLANG_WARN_STRICT_PROTOTYPES = YES;
				CLANG_WARN_SUSPICIOUS_MOVE = YES;
				CLANG_WARN_UNGUARDED_AVAILABILITY = YES_AGGRESSIVE;
				CLANG_WARN_UNREACHABLE_CODE = YES;
				CLANG_WARN__DUPLICATE_METHOD_MATCH = YES;
				COPY_PHASE_STRIP = NO;
				DEBUG_INFORMATION_FORMAT = dwarf;
				ENABLE_STRICT_OBJC_MSGSEND = YES;
				ENABLE_TESTABILITY = YES;
				ENABLE_USER_SCRIPT_SANDBOXING = YES;
				GCC_C_LANGUAGE_STANDARD = gnu17;
				GCC_DYNAMIC_NO_PIC = NO;
				GCC_NO_COMMON_BLOCKS = YES;
				GCC_OPTIMIZATION_LEVEL = 0;
				GCC_PREPROCESSOR_DEFINITIONS = (
					"DEBUG=1",
					"$(inherited)",
				);
				GCC_WARN_64_TO_32_BIT_CONVERSION = YES;
				GCC_WARN_ABOUT_RETURN_TYPE = YES_ERROR;
				GCC_WARN_UNDECLARED_SELECTOR = YES;
				GCC_WARN_UNINITIALIZED_AUTOS = YES_AGGRESSIVE;
				GCC_WARN_UNUSED_FUNCTION = YES;
				GCC_WARN_UNUSED_VARIABLE = YES;
				IPHONEOS_DEPLOYMENT_TARGET = 17.0;
				LOCALIZATION_PREFERS_STRING_CATALOGS = YES;
				MTL_ENABLE_DEBUG_INFO = INCLUDE_SOURCE;
				MTL_FAST_MATH = YES;
				ONLY_ACTIVE_ARCH = YES;
				SDKROOT = iphoneos;
				SWIFT_ACTIVE_COMPILATION_CONDITIONS = "DEBUG $(inherited)";
				SWIFT_OPTIMIZATION_LEVEL = "-Onone";
			};
			name = Debug;
		};
		0DE602DF2B08029E003ED582 /* Release */ = {
			isa = XCBuildConfiguration;
			buildSettings = {
				ALWAYS_SEARCH_USER_PATHS = NO;
				ASSETCATALOG_COMPILER_GENERATE_SWIFT_ASSET_SYMBOL_EXTENSIONS = YES;
				CLANG_ANALYZER_NONNULL = YES;
				CLANG_ANALYZER_NUMBER_OBJECT_CONVERSION = YES_AGGRESSIVE;
				CLANG_CXX_LANGUAGE_STANDARD = "gnu++20";
				CLANG_ENABLE_MODULES = YES;
				CLANG_ENABLE_OBJC_ARC = YES;
				CLANG_ENABLE_OBJC_WEAK = YES;
				CLANG_WARN_BLOCK_CAPTURE_AUTORELEASING = YES;
				CLANG_WARN_BOOL_CONVERSION = YES;
				CLANG_WARN_COMMA = YES;
				CLANG_WARN_CONSTANT_CONVERSION = YES;
				CLANG_WARN_DEPRECATED_OBJC_IMPLEMENTATIONS = YES;
				CLANG_WARN_DIRECT_OBJC_ISA_USAGE = YES_ERROR;
				CLANG_WARN_DOCUMENTATION_COMMENTS = YES;
				CLANG_WARN_EMPTY_BODY = YES;
				CLANG_WARN_ENUM_CONVERSION = YES;
				CLANG_WARN_INFINITE_RECURSION = YES;
				CLANG_WARN_INT_CONVERSION = YES;
				CLANG_WARN_NON_LITERAL_NULL_CONVERSION = YES;
				CLANG_WARN_OBJC_IMPLICIT_RETAIN_SELF = YES;
				CLANG_WARN_OBJC_LITERAL_CONVERSION = YES;
				CLANG_WARN_OBJC_ROOT_CLASS = YES_ERROR;
				CLANG_WARN_QUOTED_INCLUDE_IN_FRAMEWORK_HEADER = YES;
				CLANG_WARN_RANGE_LOOP_ANALYSIS = YES;
				CLANG_WARN_STRICT_PROTOTYPES = YES;
				CLANG_WARN_SUSPICIOUS_MOVE = YES;
				CLANG_WARN_UNGUARDED_AVAILABILITY = YES_AGGRESSIVE;
				CLANG_WARN_UNREACHABLE_CODE = YES;
				CLANG_WARN__DUPLICATE_METHOD_MATCH = YES;
				COPY_PHASE_STRIP = NO;
				DEBUG_INFORMATION_FORMAT = "dwarf-with-dsym";
				ENABLE_NS_ASSERTIONS = NO;
				ENABLE_STRICT_OBJC_MSGSEND = YES;
				ENABLE_USER_SCRIPT_SANDBOXING = YES;
				GCC_C_LANGUAGE_STANDARD = gnu17;
				GCC_NO_COMMON_BLOCKS = YES;
				GCC_WARN_64_TO_32_BIT_CONVERSION = YES;
				GCC_WARN_ABOUT_RETURN_TYPE = YES_ERROR;
				GCC_WARN_UNDECLARED_SELECTOR = YES;
				GCC_WARN_UNINITIALIZED_AUTOS = YES_AGGRESSIVE;
				GCC_WARN_UNUSED_FUNCTION = YES;
				GCC_WARN_UNUSED_VARIABLE = YES;
				IPHONEOS_DEPLOYMENT_TARGET = 17.0;
				LOCALIZATION_PREFERS_STRING_CATALOGS = YES;
				MTL_ENABLE_DEBUG_INFO = NO;
				MTL_FAST_MATH = YES;
				SDKROOT = iphoneos;
				SWIFT_COMPILATION_MODE = wholemodule;
				VALIDATE_PRODUCT = YES;
			};
			name = Release;
		};
		0DE602E12B08029E003ED582 /* Debug */ = {
			isa = XCBuildConfiguration;
			buildSettings = {
				ASSETCATALOG_COMPILER_APPICON_NAME = AppIcon;
				ASSETCATALOG_COMPILER_GLOBAL_ACCENT_COLOR_NAME = AccentColor;
				CODE_SIGN_STYLE = Automatic;
				CURRENT_PROJECT_VERSION = 1;
				DEVELOPMENT_ASSET_PATHS = "\"PizTaurantIOS/Preview Content\"";
				DEVELOPMENT_TEAM = 76B4H84G49;
				ENABLE_PREVIEWS = YES;
				GENERATE_INFOPLIST_FILE = YES;
				INFOPLIST_KEY_UIApplicationSceneManifest_Generation = YES;
				INFOPLIST_KEY_UIApplicationSupportsIndirectInputEvents = YES;
				INFOPLIST_KEY_UILaunchScreen_Generation = YES;
				INFOPLIST_KEY_UISupportedInterfaceOrientations = UIInterfaceOrientationPortrait;
				LD_RUNPATH_SEARCH_PATHS = (
					"$(inherited)",
					"@executable_path/Frameworks",
				);
				MARKETING_VERSION = 1.0;
				PRODUCT_BUNDLE_IDENTIFIER = com.mertkaragul.PizTaurantIOS;
				PRODUCT_NAME = "$(TARGET_NAME)";
				SUPPORTED_PLATFORMS = "iphoneos iphonesimulator";
				SUPPORTS_MACCATALYST = NO;
				SWIFT_EMIT_LOC_STRINGS = YES;
				SWIFT_VERSION = 5.0;
				TARGETED_DEVICE_FAMILY = 1;
			};
			name = Debug;
		};
		0DE602E22B08029E003ED582 /* Release */ = {
			isa = XCBuildConfiguration;
			buildSettings = {
				ASSETCATALOG_COMPILER_APPICON_NAME = AppIcon;
				ASSETCATALOG_COMPILER_GLOBAL_ACCENT_COLOR_NAME = AccentColor;
				CODE_SIGN_STYLE = Automatic;
				CURRENT_PROJECT_VERSION = 1;
				DEVELOPMENT_ASSET_PATHS = "\"PizTaurantIOS/Preview Content\"";
				DEVELOPMENT_TEAM = 76B4H84G49;
				ENABLE_PREVIEWS = YES;
				GENERATE_INFOPLIST_FILE = YES;
				INFOPLIST_KEY_UIApplicationSceneManifest_Generation = YES;
				INFOPLIST_KEY_UIApplicationSupportsIndirectInputEvents = YES;
				INFOPLIST_KEY_UILaunchScreen_Generation = YES;
				INFOPLIST_KEY_UISupportedInterfaceOrientations = UIInterfaceOrientationPortrait;
				LD_RUNPATH_SEARCH_PATHS = (
					"$(inherited)",
					"@executable_path/Frameworks",
				);
				MARKETING_VERSION = 1.0;
				PRODUCT_BUNDLE_IDENTIFIER = com.mertkaragul.PizTaurantIOS;
				PRODUCT_NAME = "$(TARGET_NAME)";
				SUPPORTED_PLATFORMS = "iphoneos iphonesimulator";
				SUPPORTS_MACCATALYST = NO;
				SWIFT_EMIT_LOC_STRINGS = YES;
				SWIFT_VERSION = 5.0;
				TARGETED_DEVICE_FAMILY = 1;
			};
			name = Release;
		};
/* End XCBuildConfiguration section */

/* Begin XCConfigurationList section */
		0DE602CD2B08029C003ED582 /* Build configuration list for PBXProject "PizTaurantIOS" */ = {
			isa = XCConfigurationList;
			buildConfigurations = (
				0DE602DE2B08029E003ED582 /* Debug */,
				0DE602DF2B08029E003ED582 /* Release */,
			);
			defaultConfigurationIsVisible = 0;
			defaultConfigurationName = Release;
		};
		0DE602E02B08029E003ED582 /* Build configuration list for PBXNativeTarget "PizTaurantIOS" */ = {
			isa = XCConfigurationList;
			buildConfigurations = (
				0DE602E12B08029E003ED582 /* Debug */,
				0DE602E22B08029E003ED582 /* Release */,
			);
			defaultConfigurationIsVisible = 0;
			defaultConfigurationName = Release;
		};
/* End XCConfigurationList section */
	};
	rootObject = 0DE602CA2B08029C003ED582 /* Project object */;
}
